
Microsoft Visual Studio Solution File, Format Version 12.00
# Visual Studio Version 17
VisualStudioVersion = 17.7.34221.43
MinimumVisualStudioVersion = 10.0.40219.1
Project("{9A19103F-16F7-4668-BE54-9A1E7A4F7556}") = "POC.Docker", "POC.Docker\POC.Docker.csproj", "{5AF77E6A-D4D6-47AB-B58F-29CEC0E8EF00}"
EndProject
Project("{9A19103F-16F7-4668-BE54-9A1E7A4F7556}") = "POC.Clases", "POC.Clases\POC.Clases.csproj", "{CE2AEEC6-86EC-4076-84BA-1B7CED8BEE3D}"
EndProject
Global
	GlobalSection(SolutionConfigurationPlatforms) = preSolution
		Debug|Any CPU = Debug|Any CPU
		Release|Any CPU = Release|Any CPU
	EndGlobalSection
	GlobalSection(ProjectConfigurationPlatforms) = postSolution
		{5AF77E6A-D4D6-47AB-B58F-29CEC0E8EF00}.Debug|Any CPU.ActiveCfg = Debug|Any CPU
		{5AF77E6A-D4D6-47AB-B58F-29CEC0E8EF00}.Debug|Any CPU.Build.0 = Debug|Any CPU
		{5AF77E6A-D4D6-47AB-B58F-29CEC0E8EF00}.Release|Any CPU.ActiveCfg = Release|Any CPU
		{5AF77E6A-D4D6-47AB-B58F-29CEC0E8EF00}.Release|Any CPU.Build.0 = Release|Any CPU
		{CE2AEEC6-86EC-4076-84BA-1B7CED8BEE3D}.Debug|Any CPU.ActiveCfg = Debug|Any CPU
		{CE2AEEC6-86EC-4076-84BA-1B7CED8BEE3D}.Debug|Any CPU.Build.0 = Debug|Any CPU
		{CE2AEEC6-86EC-4076-84BA-1B7CED8BEE3D}.Release|Any CPU.ActiveCfg = Release|Any CPU
		{CE2AEEC6-86EC-4076-84BA-1B7CED8BEE3D}.Release|Any CPU.Build.0 = Release|Any CPU
	EndGlobalSection
	GlobalSection(SolutionProperties) = preSolution
		HideSolutionNode = FALSE
	EndGlobalSection
	GlobalSection(ExtensibilityGlobals) = postSolution
		SolutionGuid = {72E8A5BC-FDD5-4E7E-A50F-43538541D0D7}
	EndGlobalSection
EndGlobal
